
Microsoft Visual Studio Solution File, Format Version 12.00
# Visual Studio 2013
VisualStudioVersion = 12.0.31101.0
MinimumVisualStudioVersion = 10.0.40219.1
Project("{8BC9CEB8-8B4A-11D0-8D11-00A0C91BC942}") = "MyAIGame", "MyAIGame.vcxproj", "{04B58DB6-6AE2-48F4-8285-FF8B8BB7EF86}"
EndProject
Project("{8BC9CEB8-8B4A-11D0-8D11-00A0C91BC942}") = "yam2d", "%YAM2D_ROOT%\engine\build\win32_vs13\yam2d.vcxproj", "{48CDA762-FEA3-4FF9-3D05-B05D6038CAD6}"
EndProject
Global
	GlobalSection(SolutionConfigurationPlatforms) = preSolution
		Debug|Win32 = Debug|Win32
		Release|Win32 = Release|Win32
	EndGlobalSection
	GlobalSection(ProjectConfigurationPlatforms) = postSolution
		{04B58DB6-6AE2-48F4-8285-FF8B8BB7EF86}.Debug|Win32.ActiveCfg = Debug|Win32
		{04B58DB6-6AE2-48F4-8285-FF8B8BB7EF86}.Debug|Win32.Build.0 = Debug|Win32
		{04B58DB6-6AE2-48F4-8285-FF8B8BB7EF86}.Release|Win32.ActiveCfg = Release|Win32
		{04B58DB6-6AE2-48F4-8285-FF8B8BB7EF86}.Release|Win32.Build.0 = Release|Win32
		{48CDA762-FEA3-4FF9-3D05-B05D6038CAD6}.Debug|Win32.ActiveCfg = Debug|Win32
		{48CDA762-FEA3-4FF9-3D05-B05D6038CAD6}.Debug|Win32.Build.0 = Debug|Win32
		{48CDA762-FEA3-4FF9-3D05-B05D6038CAD6}.Release|Win32.ActiveCfg = Release|Win32
		{48CDA762-FEA3-4FF9-3D05-B05D6038CAD6}.Release|Win32.Build.0 = Release|Win32
	EndGlobalSection
	GlobalSection(SolutionProperties) = preSolution
		HideSolutionNode = FALSE
	EndGlobalSection
EndGlobal
